version = 1
revision = 3
requires-python = ">=3.14"

[[package]]
name = "boto3"
version = "1.40.70"
source = { registry = "https://pypi.org/simple" }
dependencies = [
    { name = "botocore" },
    { name = "jmespath" },
    { name = "s3transfer" },
]
sdist = { url = "https://files.pythonhosted.org/packages/37/12/d5ac34e0536e1914dde28245f014a635056dde0427f6efa09f104d7999f4/boto3-1.40.70.tar.gz", hash = "sha256:191443707b391232ed15676bf6bba7e53caec1e71aafa12ccad2e825c5ee15cc", size = 111638, upload-time = "2025-11-10T20:29:15.199Z" }
wheels = [
    { url = "https://files.pythonhosted.org/packages/f3/cf/e24d08b37cd318754a8e94906c8b34b88676899aad1907ff6942311f13c4/boto3-1.40.70-py3-none-any.whl", hash = "sha256:e8c2f4f4cb36297270f1023ebe5b100333e0e88ab6457a9687d80143d2e15bf9", size = 139358, upload-time = "2025-11-10T20:29:13.512Z" },
]

[[package]]
name = "boto3-stubs"
version = "1.40.70"
source = { registry = "https://pypi.org/simple" }
dependencies = [
    { name = "botocore-stubs" },
    { name = "types-s3transfer" },
]
sdist = { url = "https://files.pythonhosted.org/packages/cd/72/6b36303e2db0561bea257525304f471d8d7880777f6d1f90d5c44c54c0a4/boto3_stubs-1.40.70.tar.gz", hash = "sha256:b3744178114f4b21342397a066d416f8f53bf859a0636acc7adf6b30b48f76a3", size = 99392, upload-time = "2025-11-10T20:42:30.324Z" }
wheels = [
    { url = "https://files.pythonhosted.org/packages/6b/2c/501698e6c9895f5f8911f08cdaea9fbc5150816cf5a3c50e47e353c2b5a1/boto3_stubs-1.40.70-py3-none-any.whl", hash = "sha256:63b0752aa474cf28f2bfad1d50fa9bc7c50939b13f79618f1e9b1ce4fd72f97b", size = 68982, upload-time = "2025-11-10T20:42:23.994Z" },
]

[[package]]
name = "botocore"
version = "1.40.70"
source = { registry = "https://pypi.org/simple" }
dependencies = [
    { name = "jmespath" },
    { name = "python-dateutil" },
    { name = "urllib3" },
]
sdist = { url = "https://files.pythonhosted.org/packages/35/c1/8c4c199ae1663feee579a15861e34f10b29da11ae6ea0ad7b6a847ef3823/botocore-1.40.70.tar.gz", hash = "sha256:61b1f2cecd54d1b28a081116fa113b97bf4e17da57c62ae2c2751fe4c528af1f", size = 14444592, upload-time = "2025-11-10T20:29:04.046Z" }
wheels = [
    { url = "https://files.pythonhosted.org/packages/55/d2/507fd0ee4dd574d2bdbdeac5df83f39d2cae1ffe97d4622cca6f6bab39f1/botocore-1.40.70-py3-none-any.whl", hash = "sha256:4a394ad25f5d9f1ef0bed610365744523eeb5c22de6862ab25d8c93f9f6d295c", size = 14106829, upload-time = "2025-11-10T20:29:01.101Z" },
]

[[package]]
name = "botocore-stubs"
version = "1.40.70"
source = { registry = "https://pypi.org/simple" }
dependencies = [
    { name = "types-awscrt" },
]
sdist = { url = "https://files.pythonhosted.org/packages/e6/3c/7fa41847aa0262b9a2b19fb91fe112875ed8272168741d11a1b70d6d5091/botocore_stubs-1.40.70.tar.gz", hash = "sha256:37f9508be8b1ccd30102e36b9734af7eefffabbb012a240efa11bd04e1cc9cde", size = 42240, upload-time = "2025-11-10T21:23:30.071Z" }
wheels = [
    { url = "https://files.pythonhosted.org/packages/94/71/83e600778f5c500e7e5bc5e8d23bd19c32d04ba8dbf4def4f83a5aa2d9d3/botocore_stubs-1.40.70-py3-none-any.whl", hash = "sha256:2003f0f974dac4535c6ce74945cac24fa5f0bd3393fdd817d1d7db6356c8b3a7", size = 66541, upload-time = "2025-11-10T21:23:27.921Z" },
]

[[package]]
name = "jmespath"
version = "1.0.1"
source = { registry = "https://pypi.org/simple" }
sdist = { url = "https://files.pythonhosted.org/packages/00/2a/e867e8531cf3e36b41201936b7fa7ba7b5702dbef42922193f05c8976cd6/jmespath-1.0.1.tar.gz", hash = "sha256:90261b206d6defd58fdd5e85f478bf633a2901798906be2ad389150c5c60edbe", size = 25843, upload-time = "2022-06-17T18:00:12.224Z" }
wheels = [
    { url = "https://files.pythonhosted.org/packages/31/b4/b9b800c45527aadd64d5b442f9b932b00648617eb5d63d2c7a6587b7cafc/jmespath-1.0.1-py3-none-any.whl", hash = "sha256:02e2e4cc71b5bcab88332eebf907519190dd9e6e82107fa7f83b1003a6252980", size = 20256, upload-time = "2022-06-17T18:00:10.251Z" },
]

[[package]]
name = "python-dateutil"
version = "2.9.0.post0"
source = { registry = "https://pypi.org/simple" }
dependencies = [
    { name = "six" },
]
sdist = { url = "https://files.pythonhosted.org/packages/66/c0/0c8b6ad9f17a802ee498c46e004a0eb49bc148f2fd230864601a86dcf6db/python-dateutil-2.9.0.post0.tar.gz", hash = "sha256:37dd54208da7e1cd875388217d5e00ebd4179249f90fb72437e91a35459a0ad3", size = 342432, upload-time = "2024-03-01T18:36:20.211Z" }
wheels = [
    { url = "https://files.pythonhosted.org/packages/ec/57/56b9bcc3c9c6a792fcbaf139543cee77261f3651ca9da0c93f5c1221264b/python_dateutil-2.9.0.post0-py2.py3-none-any.whl", hash = "sha256:a8b2bc7bffae282281c8140a97d3aa9c14da0b136dfe83f850eea9a5f7470427", size = 229892, upload-time = "2024-03-01T18:36:18.57Z" },
]

[[package]]
name = "s3transfer"
version = "0.14.0"
source = { registry = "https://pypi.org/simple" }
dependencies = [
    { name = "botocore" },
]
sdist = { url = "https://files.pythonhosted.org/packages/62/74/8d69dcb7a9efe8baa2046891735e5dfe433ad558ae23d9e3c14c633d1d58/s3transfer-0.14.0.tar.gz", hash = "sha256:eff12264e7c8b4985074ccce27a3b38a485bb7f7422cc8046fee9be4983e4125", size = 151547, upload-time = "2025-09-09T19:23:31.089Z" }
wheels = [
    { url = "https://files.pythonhosted.org/packages/48/f0/ae7ca09223a81a1d890b2557186ea015f6e0502e9b8cb8e1813f1d8cfa4e/s3transfer-0.14.0-py3-none-any.whl", hash = "sha256:ea3b790c7077558ed1f02a3072fb3cb992bbbd253392f4b6e9e8976941c7d456", size = 85712, upload-time = "2025-09-09T19:23:30.041Z" },
]

[[package]]
name = "six"
version = "1.17.0"
source = { registry = "https://pypi.org/simple" }
sdist = { url = "https://files.pythonhosted.org/packages/94/e7/b2c673351809dca68a0e064b6af791aa332cf192da575fd474ed7d6f16a2/six-1.17.0.tar.gz", hash = "sha256:ff70335d468e7eb6ec65b95b99d3a2836546063f63acc5171de367e834932a81", size = 34031, upload-time = "2024-12-04T17:35:28.174Z" }
wheels = [
    { url = "https://files.pythonhosted.org/packages/b7/ce/149a00dd41f10bc29e5921b496af8b574d8413afcd5e30dfa0ed46c2cc5e/six-1.17.0-py2.py3-none-any.whl", hash = "sha256:4721f391ed90541fddacab5acf947aa0d3dc7d27b2e1e8eda2be8970586c3274", size = 11050, upload-time = "2024-12-04T17:35:26.475Z" },
]

[[package]]
name = "types-awscrt"
version = "0.28.4"
source = { registry = "https://pypi.org/simple" }
sdist = { url = "https://files.pythonhosted.org/packages/f7/6f/d4f2adb086e8f5cd2ae83cf8dbb192057d8b5025120e5b372468292db67f/types_awscrt-0.28.4.tar.gz", hash = "sha256:15929da84802f27019ee8e4484fb1c102e1f6d4cf22eb48688c34a5a86d02eb6", size = 17692, upload-time = "2025-11-11T02:56:53.516Z" }
wheels = [
    { url = "https://files.pythonhosted.org/packages/5e/ae/9acc4adf1d5d7bb7d09b6f9ff5d4d04a72eb64700d104106dd517665cd57/types_awscrt-0.28.4-py3-none-any.whl", hash = "sha256:2d453f9e27583fcc333771b69a5255a5a4e2c52f86e70f65f3c5a6789d3443d0", size = 42307, upload-time = "2025-11-11T02:56:52.231Z" },
]

[[package]]
name = "types-s3transfer"
version = "0.14.0"
source = { registry = "https://pypi.org/simple" }
sdist = { url = "https://files.pythonhosted.org/packages/8e/9b/8913198b7fc700acc1dcb84827137bb2922052e43dde0f4fb0ed2dc6f118/types_s3transfer-0.14.0.tar.gz", hash = "sha256:17f800a87c7eafab0434e9d87452c809c290ae906c2024c24261c564479e9c95", size = 14218, upload-time = "2025-10-11T21:11:27.892Z" }
wheels = [
    { url = "https://files.pythonhosted.org/packages/92/c3/4dfb2e87c15ca582b7d956dfb7e549de1d005c758eb9a305e934e1b83fda/types_s3transfer-0.14.0-py3-none-any.whl", hash = "sha256:108134854069a38b048e9b710b9b35904d22a9d0f37e4e1889c2e6b58e5b3253", size = 19697, upload-time = "2025-10-11T21:11:26.749Z" },
]

[[package]]
name = "update-ec2-security-group"
version = "0.1.0"
source = { editable = "." }
dependencies = [
    { name = "boto3" },
]

[package.dev-dependencies]
dev = [
    { name = "boto3-stubs" },
]

[package.metadata]
requires-dist = [{ name = "boto3", specifier = ">=1.40.70" }]

[package.metadata.requires-dev]
dev = [{ name = "boto3-stubs", specifier = ">=1.40.70" }]

[[package]]
name = "urllib3"
version = "2.5.0"
source = { registry = "https://pypi.org/simple" }
sdist = { url = "https://files.pythonhosted.org/packages/15/22/9ee70a2574a4f4599c47dd506532914ce044817c7752a79b6a51286319bc/urllib3-2.5.0.tar.gz", hash = "sha256:3fc47733c7e419d4bc3f6b3dc2b4f890bb743906a30d56ba4a5bfa4bbff92760", size = 393185, upload-time = "2025-06-18T14:07:41.644Z" }
wheels = [
    { url = "https://files.pythonhosted.org/packages/a7/c2/fe1e52489ae3122415c51f387e221dd0773709bad6c6cdaa599e8a2c5185/urllib3-2.5.0-py3-none-any.whl", hash = "sha256:e6b01673c0fa6a13e374b50871808eb3bf7046c4b125b216f6bf1cc604cff0dc", size = 129795, upload-time = "2025-06-18T14:07:40.39Z" },
]
